
Microsoft Visual Studio Solution File, Format Version 12.00
# Visual Studio Version 17
VisualStudioVersion = 17.0.31903.59
MinimumVisualStudioVersion = 10.0.40219.1
Project("{FAE04EC0-301F-11D3-BF4B-00C04F79EFBC}") = "EdisonEngineering.API", "EdisonEngineering.API\EdisonEngineering.API.csproj", "{20C9719B-4176-48C7-A732-32D41260C563}"
EndProject
Project("{FAE04EC0-301F-11D3-BF4B-00C04F79EFBC}") = "EdisonEngineering.Application", "EdisonEngineering.Application\EdisonEngineering.Application.csproj", "{25FC89A4-4C5E-4EB1-A88C-1312F72C5170}"
EndProject
Project("{FAE04EC0-301F-11D3-BF4B-00C04F79EFBC}") = "EdisonEngineering.Domain", "EdisonEngineering.Domain\EdisonEngineering.Domain.csproj", "{46C82F88-E350-4C6A-B006-D0DBEA2C779F}"
EndProject
Project("{FAE04EC0-301F-11D3-BF4B-00C04F79EFBC}") = "EdisonEngineering.Infrastructure", "EdisonEngineering.Infrastructure\EdisonEngineering.Infrastructure.csproj", "{16E96549-FED8-41CF-8EA3-E8F56FBD71B0}"
EndProject
Project("{FAE04EC0-301F-11D3-BF4B-00C04F79EFBC}") = "EdisonEngineering.Tests", "EdisonEngineering.Tests\EdisonEngineering.Tests.csproj", "{554640D5-3764-4C2B-BF9E-4BFB3E9E5764}"
EndProject
Global
	GlobalSection(SolutionConfigurationPlatforms) = preSolution
		Debug|Any CPU = Debug|Any CPU
		Debug|x64 = Debug|x64
		Debug|x86 = Debug|x86
		Release|Any CPU = Release|Any CPU
		Release|x64 = Release|x64
		Release|x86 = Release|x86
	EndGlobalSection
	GlobalSection(ProjectConfigurationPlatforms) = postSolution
		{20C9719B-4176-48C7-A732-32D41260C563}.Debug|Any CPU.ActiveCfg = Debug|Any CPU
		{20C9719B-4176-48C7-A732-32D41260C563}.Debug|Any CPU.Build.0 = Debug|Any CPU
		{20C9719B-4176-48C7-A732-32D41260C563}.Debug|x64.ActiveCfg = Debug|Any CPU
		{20C9719B-4176-48C7-A732-32D41260C563}.Debug|x64.Build.0 = Debug|Any CPU
		{20C9719B-4176-48C7-A732-32D41260C563}.Debug|x86.ActiveCfg = Debug|Any CPU
		{20C9719B-4176-48C7-A732-32D41260C563}.Debug|x86.Build.0 = Debug|Any CPU
		{20C9719B-4176-48C7-A732-32D41260C563}.Release|Any CPU.ActiveCfg = Release|Any CPU
		{20C9719B-4176-48C7-A732-32D41260C563}.Release|Any CPU.Build.0 = Release|Any CPU
		{20C9719B-4176-48C7-A732-32D41260C563}.Release|x64.ActiveCfg = Release|Any CPU
		{20C9719B-4176-48C7-A732-32D41260C563}.Release|x64.Build.0 = Release|Any CPU
		{20C9719B-4176-48C7-A732-32D41260C563}.Release|x86.ActiveCfg = Release|Any CPU
		{20C9719B-4176-48C7-A732-32D41260C563}.Release|x86.Build.0 = Release|Any CPU
		{25FC89A4-4C5E-4EB1-A88C-1312F72C5170}.Debug|Any CPU.ActiveCfg = Debug|Any CPU
		{25FC89A4-4C5E-4EB1-A88C-1312F72C5170}.Debug|Any CPU.Build.0 = Debug|Any CPU
		{25FC89A4-4C5E-4EB1-A88C-1312F72C5170}.Debug|x64.ActiveCfg = Debug|Any CPU
		{25FC89A4-4C5E-4EB1-A88C-1312F72C5170}.Debug|x64.Build.0 = Debug|Any CPU
		{25FC89A4-4C5E-4EB1-A88C-1312F72C5170}.Debug|x86.ActiveCfg = Debug|Any CPU
		{25FC89A4-4C5E-4EB1-A88C-1312F72C5170}.Debug|x86.Build.0 = Debug|Any CPU
		{25FC89A4-4C5E-4EB1-A88C-1312F72C5170}.Release|Any CPU.ActiveCfg = Release|Any CPU
		{25FC89A4-4C5E-4EB1-A88C-1312F72C5170}.Release|Any CPU.Build.0 = Release|Any CPU
		{25FC89A4-4C5E-4EB1-A88C-1312F72C5170}.Release|x64.ActiveCfg = Release|Any CPU
		{25FC89A4-4C5E-4EB1-A88C-1312F72C5170}.Release|x64.Build.0 = Release|Any CPU
		{25FC89A4-4C5E-4EB1-A88C-1312F72C5170}.Release|x86.ActiveCfg = Release|Any CPU
		{25FC89A4-4C5E-4EB1-A88C-1312F72C5170}.Release|x86.Build.0 = Release|Any CPU
		{46C82F88-E350-4C6A-B006-D0DBEA2C779F}.Debug|Any CPU.ActiveCfg = Debug|Any CPU
		{46C82F88-E350-4C6A-B006-D0DBEA2C779F}.Debug|Any CPU.Build.0 = Debug|Any CPU
		{46C82F88-E350-4C6A-B006-D0DBEA2C779F}.Debug|x64.ActiveCfg = Debug|Any CPU
		{46C82F88-E350-4C6A-B006-D0DBEA2C779F}.Debug|x64.Build.0 = Debug|Any CPU
		{46C82F88-E350-4C6A-B006-D0DBEA2C779F}.Debug|x86.ActiveCfg = Debug|Any CPU
		{46C82F88-E350-4C6A-B006-D0DBEA2C779F}.Debug|x86.Build.0 = Debug|Any CPU
		{46C82F88-E350-4C6A-B006-D0DBEA2C779F}.Release|Any CPU.ActiveCfg = Release|Any CPU
		{46C82F88-E350-4C6A-B006-D0DBEA2C779F}.Release|Any CPU.Build.0 = Release|Any CPU
		{46C82F88-E350-4C6A-B006-D0DBEA2C779F}.Release|x64.ActiveCfg = Release|Any CPU
		{46C82F88-E350-4C6A-B006-D0DBEA2C779F}.Release|x64.Build.0 = Release|Any CPU
		{46C82F88-E350-4C6A-B006-D0DBEA2C779F}.Release|x86.ActiveCfg = Release|Any CPU
		{46C82F88-E350-4C6A-B006-D0DBEA2C779F}.Release|x86.Build.0 = Release|Any CPU
		{16E96549-FED8-41CF-8EA3-E8F56FBD71B0}.Debug|Any CPU.ActiveCfg = Debug|Any CPU
		{16E96549-FED8-41CF-8EA3-E8F56FBD71B0}.Debug|Any CPU.Build.0 = Debug|Any CPU
		{16E96549-FED8-41CF-8EA3-E8F56FBD71B0}.Debug|x64.ActiveCfg = Debug|Any CPU
		{16E96549-FED8-41CF-8EA3-E8F56FBD71B0}.Debug|x64.Build.0 = Debug|Any CPU
		{16E96549-FED8-41CF-8EA3-E8F56FBD71B0}.Debug|x86.ActiveCfg = Debug|Any CPU
		{16E96549-FED8-41CF-8EA3-E8F56FBD71B0}.Debug|x86.Build.0 = Debug|Any CPU
		{16E96549-FED8-41CF-8EA3-E8F56FBD71B0}.Release|Any CPU.ActiveCfg = Release|Any CPU
		{16E96549-FED8-41CF-8EA3-E8F56FBD71B0}.Release|Any CPU.Build.0 = Release|Any CPU
		{16E96549-FED8-41CF-8EA3-E8F56FBD71B0}.Release|x64.ActiveCfg = Release|Any CPU
		{16E96549-FED8-41CF-8EA3-E8F56FBD71B0}.Release|x64.Build.0 = Release|Any CPU
		{16E96549-FED8-41CF-8EA3-E8F56FBD71B0}.Release|x86.ActiveCfg = Release|Any CPU
		{16E96549-FED8-41CF-8EA3-E8F56FBD71B0}.Release|x86.Build.0 = Release|Any CPU
		{554640D5-3764-4C2B-BF9E-4BFB3E9E5764}.Debug|Any CPU.ActiveCfg = Debug|Any CPU
		{554640D5-3764-4C2B-BF9E-4BFB3E9E5764}.Debug|Any CPU.Build.0 = Debug|Any CPU
		{554640D5-3764-4C2B-BF9E-4BFB3E9E5764}.Debug|x64.ActiveCfg = Debug|Any CPU
		{554640D5-3764-4C2B-BF9E-4BFB3E9E5764}.Debug|x64.Build.0 = Debug|Any CPU
		{554640D5-3764-4C2B-BF9E-4BFB3E9E5764}.Debug|x86.ActiveCfg = Debug|Any CPU
		{554640D5-3764-4C2B-BF9E-4BFB3E9E5764}.Debug|x86.Build.0 = Debug|Any CPU
		{554640D5-3764-4C2B-BF9E-4BFB3E9E5764}.Release|Any CPU.ActiveCfg = Release|Any CPU
		{554640D5-3764-4C2B-BF9E-4BFB3E9E5764}.Release|Any CPU.Build.0 = Release|Any CPU
		{554640D5-3764-4C2B-BF9E-4BFB3E9E5764}.Release|x64.ActiveCfg = Release|Any CPU
		{554640D5-3764-4C2B-BF9E-4BFB3E9E5764}.Release|x64.Build.0 = Release|Any CPU
		{554640D5-3764-4C2B-BF9E-4BFB3E9E5764}.Release|x86.ActiveCfg = Release|Any CPU
		{554640D5-3764-4C2B-BF9E-4BFB3E9E5764}.Release|x86.Build.0 = Release|Any CPU
	EndGlobalSection
	GlobalSection(SolutionProperties) = preSolution
		HideSolutionNode = FALSE
	EndGlobalSection
EndGlobal
